
Microsoft Visual Studio Solution File, Format Version 12.00
# Visual Studio Version 17
VisualStudioVersion = 17.10.35004.147
MinimumVisualStudioVersion = 10.0.40219.1
Project("{F184B08F-C81C-45F6-A57F-5ABD9991F28F}") = "LibraryManagmentSystem", "LibraryManagmentSystem\LibraryManagmentSystem.vbproj", "{9613B2E8-2CC1-43DB-98E1-C9E686133373}"
EndProject
Global
	GlobalSection(SolutionConfigurationPlatforms) = preSolution
		Debug|Any CPU = Debug|Any CPU
		Release|Any CPU = Release|Any CPU
	EndGlobalSection
	GlobalSection(ProjectConfigurationPlatforms) = postSolution
		{9613B2E8-2CC1-43DB-98E1-C9E686133373}.Debug|Any CPU.ActiveCfg = Debug|Any CPU
		{9613B2E8-2CC1-43DB-98E1-C9E686133373}.Debug|Any CPU.Build.0 = Debug|Any CPU
		{9613B2E8-2CC1-43DB-98E1-C9E686133373}.Release|Any CPU.ActiveCfg = Release|Any CPU
		{9613B2E8-2CC1-43DB-98E1-C9E686133373}.Release|Any CPU.Build.0 = Release|Any CPU
	EndGlobalSection
	GlobalSection(SolutionProperties) = preSolution
		HideSolutionNode = FALSE
	EndGlobalSection
	GlobalSection(ExtensibilityGlobals) = postSolution
		SolutionGuid = {A2EC6EBD-AFE2-46E4-9A80-33F03410DEC1}
	EndGlobalSection
EndGlobal
